{
  "name": "frontend",
  "lockfileVersion": 3,
  "requires": true,
  "packages": {
    "": {
      "dependencies": {
        "react-currency-input-field": "^3.10.0"
      }
    },
    "node_modules/react": {
      "version": "19.1.0",
      "resolved": "https://registry.npmjs.org/react/-/react-19.1.0.tgz",
      "integrity": "sha512-FS+XFBNvn3GTAWq26joslQgWNoFu08F4kl0J4CgdNKADkdSGXQyTCnKteIAJy96Br6YbpEU1LSzV5dYtjMkMDg==",
      "license": "MIT",
      "peer": true,
      "engines": {
        "node": ">=0.10.0"
      }
    },
    "node_modules/react-currency-input-field": {
      "version": "3.10.0",
      "resolved": "https://registry.npmjs.org/react-currency-input-field/-/react-currency-input-field-3.10.0.tgz",
      "integrity": "sha512-GRmZogHh1e1LrmgXg/fKHSuRLYUnj/c/AumfvfuDMA0UX1mDR6u2NR0fzDemRdq4tNHNLucJeJ2OKCr3ehqyDA==",
      "license": "MIT",
      "peerDependencies": {
        "react": "^16.9.0 || ^17.0.0 || ^18.0.0 || ^19.0.0"
      }
    }
  }
}
